
Microsoft Visual Studio Solution File, Format Version 12.00
# Visual Studio Version 17
VisualStudioVersion = 17.3.32804.467
MinimumVisualStudioVersion = 10.0.40219.1
Project("{FAE04EC0-301F-11D3-BF4B-00C04F79EFBC}") = "Шифр Винежера", "Шифр Винежера\Шифр Винежера.csproj", "{D709B871-DC99-4314-9078-12255960F682}"
EndProject
Global
	GlobalSection(SolutionConfigurationPlatforms) = preSolution
		Debug|Any CPU = Debug|Any CPU
		Release|Any CPU = Release|Any CPU
	EndGlobalSection
	GlobalSection(ProjectConfigurationPlatforms) = postSolution
		{D709B871-DC99-4314-9078-12255960F682}.Debug|Any CPU.ActiveCfg = Debug|Any CPU
		{D709B871-DC99-4314-9078-12255960F682}.Debug|Any CPU.Build.0 = Debug|Any CPU
		{D709B871-DC99-4314-9078-12255960F682}.Release|Any CPU.ActiveCfg = Release|Any CPU
		{D709B871-DC99-4314-9078-12255960F682}.Release|Any CPU.Build.0 = Release|Any CPU
	EndGlobalSection
	GlobalSection(SolutionProperties) = preSolution
		HideSolutionNode = FALSE
	EndGlobalSection
	GlobalSection(ExtensibilityGlobals) = postSolution
		SolutionGuid = {E9B3D777-2AFA-427A-BCA2-2D4CC59AD25C}
	EndGlobalSection
EndGlobal
